
Microsoft Visual Studio Solution File, Format Version 12.00
# Visual Studio Version 17
VisualStudioVersion = 17.11.35208.52
MinimumVisualStudioVersion = 10.0.40219.1
Project("{2150E333-8FDC-42A3-9474-1A3956D46DE8}") = "Dominio", "Dominio", "{EF1AB7F6-73F8-4FD7-9A21-A8D3364A0C14}"
EndProject
Project("{2150E333-8FDC-42A3-9474-1A3956D46DE8}") = "Aplicacion", "Aplicacion", "{DC149BB7-7B8F-4EB1-9B7B-A41F840A5223}"
EndProject
Project("{2150E333-8FDC-42A3-9474-1A3956D46DE8}") = "Infraestructura", "Infraestructura", "{CF9F4DFB-46ED-4C13-9EDB-AA1B75B23541}"
EndProject
Project("{2150E333-8FDC-42A3-9474-1A3956D46DE8}") = "WebAPI", "WebAPI", "{9016A4F4-1E76-474A-AB62-EBB74577F416}"
EndProject
Project("{FAE04EC0-301F-11D3-BF4B-00C04F79EFBC}") = "Hexagonal.Dominio", "Hexagonal.Dominio\Hexagonal.Dominio.csproj", "{BF4299ED-7570-4D36-BBF3-93E5A867ECA1}"
EndProject
Project("{FAE04EC0-301F-11D3-BF4B-00C04F79EFBC}") = "Hexagonal.Aplicacionn", "Hexagonal.Aplicacionn\Hexagonal.Aplicacionn.csproj", "{0863B0D3-E91E-4E8E-A6AD-4E26425642EE}"
EndProject
Project("{FAE04EC0-301F-11D3-BF4B-00C04F79EFBC}") = "Hexagonal.Infraestructura", "Hexagonal.Infraestructura\Hexagonal.Infraestructura.csproj", "{70A68B56-B187-41F9-8769-E8E98DAE06D6}"
EndProject
Project("{FAE04EC0-301F-11D3-BF4B-00C04F79EFBC}") = "Hexagonal.API", "Hexagonal.API\Hexagonal.API.csproj", "{C7225FD9-3382-4AF9-9A31-AF26BA589ED2}"
EndProject
Global
	GlobalSection(SolutionConfigurationPlatforms) = preSolution
		Debug|Any CPU = Debug|Any CPU
		Release|Any CPU = Release|Any CPU
	EndGlobalSection
	GlobalSection(ProjectConfigurationPlatforms) = postSolution
		{BF4299ED-7570-4D36-BBF3-93E5A867ECA1}.Debug|Any CPU.ActiveCfg = Debug|Any CPU
		{BF4299ED-7570-4D36-BBF3-93E5A867ECA1}.Debug|Any CPU.Build.0 = Debug|Any CPU
		{BF4299ED-7570-4D36-BBF3-93E5A867ECA1}.Release|Any CPU.ActiveCfg = Release|Any CPU
		{BF4299ED-7570-4D36-BBF3-93E5A867ECA1}.Release|Any CPU.Build.0 = Release|Any CPU
		{0863B0D3-E91E-4E8E-A6AD-4E26425642EE}.Debug|Any CPU.ActiveCfg = Debug|Any CPU
		{0863B0D3-E91E-4E8E-A6AD-4E26425642EE}.Debug|Any CPU.Build.0 = Debug|Any CPU
		{0863B0D3-E91E-4E8E-A6AD-4E26425642EE}.Release|Any CPU.ActiveCfg = Release|Any CPU
		{0863B0D3-E91E-4E8E-A6AD-4E26425642EE}.Release|Any CPU.Build.0 = Release|Any CPU
		{70A68B56-B187-41F9-8769-E8E98DAE06D6}.Debug|Any CPU.ActiveCfg = Debug|Any CPU
		{70A68B56-B187-41F9-8769-E8E98DAE06D6}.Debug|Any CPU.Build.0 = Debug|Any CPU
		{70A68B56-B187-41F9-8769-E8E98DAE06D6}.Release|Any CPU.ActiveCfg = Release|Any CPU
		{70A68B56-B187-41F9-8769-E8E98DAE06D6}.Release|Any CPU.Build.0 = Release|Any CPU
		{C7225FD9-3382-4AF9-9A31-AF26BA589ED2}.Debug|Any CPU.ActiveCfg = Debug|Any CPU
		{C7225FD9-3382-4AF9-9A31-AF26BA589ED2}.Debug|Any CPU.Build.0 = Debug|Any CPU
		{C7225FD9-3382-4AF9-9A31-AF26BA589ED2}.Release|Any CPU.ActiveCfg = Release|Any CPU
		{C7225FD9-3382-4AF9-9A31-AF26BA589ED2}.Release|Any CPU.Build.0 = Release|Any CPU
	EndGlobalSection
	GlobalSection(SolutionProperties) = preSolution
		HideSolutionNode = FALSE
	EndGlobalSection
	GlobalSection(NestedProjects) = preSolution
		{BF4299ED-7570-4D36-BBF3-93E5A867ECA1} = {EF1AB7F6-73F8-4FD7-9A21-A8D3364A0C14}
		{0863B0D3-E91E-4E8E-A6AD-4E26425642EE} = {DC149BB7-7B8F-4EB1-9B7B-A41F840A5223}
		{70A68B56-B187-41F9-8769-E8E98DAE06D6} = {CF9F4DFB-46ED-4C13-9EDB-AA1B75B23541}
		{C7225FD9-3382-4AF9-9A31-AF26BA589ED2} = {9016A4F4-1E76-474A-AB62-EBB74577F416}
	EndGlobalSection
	GlobalSection(ExtensibilityGlobals) = postSolution
		SolutionGuid = {07990BE3-1CA9-4257-9372-1B66A5D86BFF}
	EndGlobalSection
EndGlobal
